# This file is automatically @generated by Cargo.
# It is not intended for manual editing.
version = 3

[[package]]
name = "bootloader"
version = "0.9.34"
source = "registry+https://github.com/rust-lang/crates.io-index"
checksum = "13f6a8a495d2f93fe3d6eb3a224f9aa749a63cfd746ed03eb5ddcbd00ade7d8f"

[[package]]
name = "cell0-kernel"
version = "1.1.5"
dependencies = [
 "bootloader",
 "lazy_static",
 "spin",
 "volatile",
]

[[package]]
name = "lazy_static"
version = "1.5.0"
source = "registry+https://github.com/rust-lang/crates.io-index"
checksum = "bbd2bcb4c963f2ddae06a2efc7e9f3591312473c50c6685e1f298068316e66fe"
dependencies = [
 "spin",
]

[[package]]
name = "spin"
version = "0.9.8"
source = "registry+https://github.com/rust-lang/crates.io-index"
checksum = "6980e8d7511241f8acf4aebddbb1ff938df5eebe98691418c4468d0b72a96a67"

[[package]]
name = "volatile"
version = "0.5.4"
source = "registry+https://github.com/rust-lang/crates.io-index"
checksum = "f05a5337d258c4ef40d920ffcc5a729278951d57e6596f8b62ca7d4827613e77"
